# THIS IS AN AUTOGENERATED FILE. DO NOT EDIT THIS FILE DIRECTLY.
# yarn lockfile v1


"@retromada/prototype@^0.0.3":
  version "0.0.3"
  resolved "https://npm.pkg.github.com/download/@retromada/prototype/0.0.3/bb21bb892c3b38ad5083ee3748baa475f371d89be287c3d64e9fe7916838a199#518d3ddbd7427fec46426f01e3fc27c31495f2f4"
  integrity sha512-j57bYYFigkz/U5VPRFl2cU2wQkYXDW72JhDaUEDIxnIze40UxrN8fnmHZHfJXXRyPkF94XZ5mgtRyqBv0lXwxg==

handlebars@^4.7.7:
  version "4.7.7"
  resolved "https://registry.yarnpkg.com/handlebars/-/handlebars-4.7.7.tgz#9ce33416aad02dbd6c8fafa8240d5d98004945a1"
  integrity sha512-aAcXm5OAfE/8IXkcZvCepKU3VzW1/39Fb5ZuqMtgI/hT8X2YgoMvBY5dLhq/cpOvw7Lk1nK/UF71aLG/ZnVYRA==
  dependencies:
    minimist "^1.2.5"
    neo-async "^2.6.0"
    source-map "^0.6.1"
    wordwrap "^1.0.0"
  optionalDependencies:
    uglify-js "^3.1.4"

minimist@^1.2.5:
  version "1.2.5"
  resolved "https://registry.yarnpkg.com/minimist/-/minimist-1.2.5.tgz#67d66014b66a6a8aaa0c083c5fd58df4e4e97602"
  integrity sha512-FM9nNUYrRBAELZQT3xeZQ7fmMOBg6nWNmJKTcgsJeaLstP/UODVpGsr5OhXhhXg6f+qtJ8uiZ+PUxkDWcgIXLw==

nanoid-dictionary@^4.3.0:
  version "4.3.0"
  resolved "https://registry.yarnpkg.com/nanoid-dictionary/-/nanoid-dictionary-4.3.0.tgz#d4cefa1e4c06b1f576789eeb2646101f8c5419e8"
  integrity sha512-Xw1+/QnRGWO1KJ0rLfU1xR85qXmAHyLbE3TUkklu9gOIDburP6CsUnLmTaNECGpBh5SHb2uPFmx0VT8UPyoeyw==

nanoid@^3.1.24:
  version "3.1.24"
  resolved "https://registry.yarnpkg.com/nanoid/-/nanoid-3.1.24.tgz#d7ac20215f595c26d314ee5671169a27b609025f"
  integrity sha512-WNhqqgD4qH7TQdU9ujXfFa/hQI5rOGGnZq+JRmz4JwMZFCgSZVquTq3ORUSv6IC+Y41ACBYV8a8J1kPkqGIiQg==

neo-async@^2.6.0:
  version "2.6.2"
  resolved "https://registry.yarnpkg.com/neo-async/-/neo-async-2.6.2.tgz#b4aafb93e3aeb2d8174ca53cf163ab7d7308305f"
  integrity sha512-Yd3UES5mWCSqR+qNT93S3UoYUkqAZ9lLg8a7g9rimsWmYGK8cVToA4/sF3RrshdyV3sAGMXVUmpMYOw+dLpOuw==

source-map@^0.6.1:
  version "0.6.1"
  resolved "https://registry.yarnpkg.com/source-map/-/source-map-0.6.1.tgz#74722af32e9614e9c287a8d0bbde48b5e2f1a263"
  integrity sha512-UjgapumWlbMhkBgzT7Ykc5YXUT46F0iKu8SGXq0bcwP5dz/h0Plj6enJqjz1Zbq2l5WaqYnrVbwWOWMyF3F47g==

uglify-js@^3.1.4:
  version "3.14.1"
  resolved "https://registry.yarnpkg.com/uglify-js/-/uglify-js-3.14.1.tgz#e2cb9fe34db9cb4cf7e35d1d26dfea28e09a7d06"
  integrity sha512-JhS3hmcVaXlp/xSo3PKY5R0JqKs5M3IV+exdLHW99qKvKivPO4Z8qbej6mte17SOPqAOVMjt/XGgWacnFSzM3g==

wordwrap@^1.0.0:
  version "1.0.0"
  resolved "https://registry.yarnpkg.com/wordwrap/-/wordwrap-1.0.0.tgz#27584810891456a4171c8d0226441ade90cbcaeb"
  integrity sha1-J1hIEIkUVqQXHI0CJkQa3pDLyus=
